
Microsoft Visual Studio Solution File, Format Version 12.00
# Visual Studio Version 17
VisualStudioVersion = 17.5.002.0
MinimumVisualStudioVersion = 10.0.40219.1
Project("{2150E333-8FDC-42A3-9474-1A3956D46DE8}") = "sandbox", "sandbox", "{24FB265D-6522-4BAF-BCEA-64CDA93AB2CF}"
EndProject
Project("{9A19103F-16F7-4668-BE54-9A1E7A4F7556}") = "sandbox_project", "sandbox\sandbox_project\sandbox_project.csproj", "{E3E2CF71-43B8-4865-9C20-621072B50E9B}"
EndProject
Project("{2150E333-8FDC-42A3-9474-1A3956D46DE8}") = "week01", "week01", "{736DCDE1-30CB-430B-8A51-97FC759D4F4F}"
EndProject
Project("{9A19103F-16F7-4668-BE54-9A1E7A4F7556}") = "analyze", "week01\analyze\analyze.csproj", "{F78B3070-2BDF-41B8-970C-5F028CEE4A00}"
EndProject
Project("{9A19103F-16F7-4668-BE54-9A1E7A4F7556}") = "code", "week01\code\code.csproj", "{26E62EFC-2AB6-4D0D-9756-68A90FDF2BA1}"
EndProject
Project("{9A19103F-16F7-4668-BE54-9A1E7A4F7556}") = "teach", "week01\teach\teach.csproj", "{F151E073-87A7-4684-93CE-FE85904C6949}"
EndProject
Project("{2150E333-8FDC-42A3-9474-1A3956D46DE8}") = "week02", "week02", "{37E110A3-3DA2-4219-9DE9-85A06EC264CB}"
EndProject
Project("{9A19103F-16F7-4668-BE54-9A1E7A4F7556}") = "analyze", "week02\analyze\analyze.csproj", "{61881FBF-EC10-472E-8221-967997F9176E}"
EndProject
Project("{9A19103F-16F7-4668-BE54-9A1E7A4F7556}") = "code", "week02\code\code.csproj", "{267A04CB-DA8A-4406-B165-AB357FEF92DC}"
EndProject
Project("{9A19103F-16F7-4668-BE54-9A1E7A4F7556}") = "learn", "week02\learn\learn.csproj", "{2150F31E-102A-414C-9073-34DDAAE7DAB8}"
EndProject
Project("{9A19103F-16F7-4668-BE54-9A1E7A4F7556}") = "teach", "week02\teach\teach.csproj", "{1CA0384A-55D8-4E34-A878-C4C5232218A7}"
EndProject
Project("{2150E333-8FDC-42A3-9474-1A3956D46DE8}") = "week03", "week03", "{82FC720E-D96A-4B3D-927B-AA421D9E4FFB}"
EndProject
Project("{9A19103F-16F7-4668-BE54-9A1E7A4F7556}") = "code", "week03\code\code.csproj", "{B38C934C-D6D5-4B2C-93DB-28218502ACCF}"
EndProject
Project("{9A19103F-16F7-4668-BE54-9A1E7A4F7556}") = "learn", "week03\learn\learn.csproj", "{5D474BC9-2F04-4025-BCB3-FD24FEDAFC57}"
EndProject
Project("{9A19103F-16F7-4668-BE54-9A1E7A4F7556}") = "teach", "week03\teach\teach.csproj", "{359893E8-A84B-4D13-ACB2-398D6139EE63}"
EndProject
Project("{2150E333-8FDC-42A3-9474-1A3956D46DE8}") = "week04", "week04", "{CA49B904-97BB-4459-B547-735F49870DC6}"
EndProject
Project("{9A19103F-16F7-4668-BE54-9A1E7A4F7556}") = "code", "week04\code\code.csproj", "{A39B3D0D-3A44-43FD-80C8-CBCF51CF12F7}"
EndProject
Project("{2150E333-8FDC-42A3-9474-1A3956D46DE8}") = "week05", "week05", "{337DC1B0-CC40-4247-A821-EEDF27EEB9D6}"
EndProject
Project("{9A19103F-16F7-4668-BE54-9A1E7A4F7556}") = "code", "week05\code\code.csproj", "{00B83F0E-3806-40D2-9033-A2652FC5207C}"
EndProject
Project("{2150E333-8FDC-42A3-9474-1A3956D46DE8}") = "week06", "week06", "{0E2B638F-437A-4B0C-84D3-EC85BE7006D2}"
EndProject
Project("{9A19103F-16F7-4668-BE54-9A1E7A4F7556}") = "code", "week06\code\code.csproj", "{A7C4EFEA-D751-45F3-95ED-8B8C2362DB40}"
EndProject
Global
	GlobalSection(SolutionConfigurationPlatforms) = preSolution
		Debug|Any CPU = Debug|Any CPU
		Release|Any CPU = Release|Any CPU
	EndGlobalSection
	GlobalSection(ProjectConfigurationPlatforms) = postSolution
		{E3E2CF71-43B8-4865-9C20-621072B50E9B}.Debug|Any CPU.ActiveCfg = Debug|Any CPU
		{E3E2CF71-43B8-4865-9C20-621072B50E9B}.Debug|Any CPU.Build.0 = Debug|Any CPU
		{E3E2CF71-43B8-4865-9C20-621072B50E9B}.Release|Any CPU.ActiveCfg = Release|Any CPU
		{E3E2CF71-43B8-4865-9C20-621072B50E9B}.Release|Any CPU.Build.0 = Release|Any CPU
		{F78B3070-2BDF-41B8-970C-5F028CEE4A00}.Debug|Any CPU.ActiveCfg = Debug|Any CPU
		{F78B3070-2BDF-41B8-970C-5F028CEE4A00}.Debug|Any CPU.Build.0 = Debug|Any CPU
		{F78B3070-2BDF-41B8-970C-5F028CEE4A00}.Release|Any CPU.ActiveCfg = Release|Any CPU
		{F78B3070-2BDF-41B8-970C-5F028CEE4A00}.Release|Any CPU.Build.0 = Release|Any CPU
		{26E62EFC-2AB6-4D0D-9756-68A90FDF2BA1}.Debug|Any CPU.ActiveCfg = Debug|Any CPU
		{26E62EFC-2AB6-4D0D-9756-68A90FDF2BA1}.Debug|Any CPU.Build.0 = Debug|Any CPU
		{26E62EFC-2AB6-4D0D-9756-68A90FDF2BA1}.Release|Any CPU.ActiveCfg = Release|Any CPU
		{26E62EFC-2AB6-4D0D-9756-68A90FDF2BA1}.Release|Any CPU.Build.0 = Release|Any CPU
		{F151E073-87A7-4684-93CE-FE85904C6949}.Debug|Any CPU.ActiveCfg = Debug|Any CPU
		{F151E073-87A7-4684-93CE-FE85904C6949}.Debug|Any CPU.Build.0 = Debug|Any CPU
		{F151E073-87A7-4684-93CE-FE85904C6949}.Release|Any CPU.ActiveCfg = Release|Any CPU
		{F151E073-87A7-4684-93CE-FE85904C6949}.Release|Any CPU.Build.0 = Release|Any CPU
		{61881FBF-EC10-472E-8221-967997F9176E}.Debug|Any CPU.ActiveCfg = Debug|Any CPU
		{61881FBF-EC10-472E-8221-967997F9176E}.Debug|Any CPU.Build.0 = Debug|Any CPU
		{61881FBF-EC10-472E-8221-967997F9176E}.Release|Any CPU.ActiveCfg = Release|Any CPU
		{61881FBF-EC10-472E-8221-967997F9176E}.Release|Any CPU.Build.0 = Release|Any CPU
		{267A04CB-DA8A-4406-B165-AB357FEF92DC}.Debug|Any CPU.ActiveCfg = Debug|Any CPU
		{267A04CB-DA8A-4406-B165-AB357FEF92DC}.Debug|Any CPU.Build.0 = Debug|Any CPU
		{267A04CB-DA8A-4406-B165-AB357FEF92DC}.Release|Any CPU.ActiveCfg = Release|Any CPU
		{267A04CB-DA8A-4406-B165-AB357FEF92DC}.Release|Any CPU.Build.0 = Release|Any CPU
		{2150F31E-102A-414C-9073-34DDAAE7DAB8}.Debug|Any CPU.ActiveCfg = Debug|Any CPU
		{2150F31E-102A-414C-9073-34DDAAE7DAB8}.Debug|Any CPU.Build.0 = Debug|Any CPU
		{2150F31E-102A-414C-9073-34DDAAE7DAB8}.Release|Any CPU.ActiveCfg = Release|Any CPU
		{2150F31E-102A-414C-9073-34DDAAE7DAB8}.Release|Any CPU.Build.0 = Release|Any CPU
		{1CA0384A-55D8-4E34-A878-C4C5232218A7}.Debug|Any CPU.ActiveCfg = Debug|Any CPU
		{1CA0384A-55D8-4E34-A878-C4C5232218A7}.Debug|Any CPU.Build.0 = Debug|Any CPU
		{1CA0384A-55D8-4E34-A878-C4C5232218A7}.Release|Any CPU.ActiveCfg = Release|Any CPU
		{1CA0384A-55D8-4E34-A878-C4C5232218A7}.Release|Any CPU.Build.0 = Release|Any CPU
		{B38C934C-D6D5-4B2C-93DB-28218502ACCF}.Debug|Any CPU.ActiveCfg = Debug|Any CPU
		{B38C934C-D6D5-4B2C-93DB-28218502ACCF}.Debug|Any CPU.Build.0 = Debug|Any CPU
		{B38C934C-D6D5-4B2C-93DB-28218502ACCF}.Release|Any CPU.ActiveCfg = Release|Any CPU
		{B38C934C-D6D5-4B2C-93DB-28218502ACCF}.Release|Any CPU.Build.0 = Release|Any CPU
		{5D474BC9-2F04-4025-BCB3-FD24FEDAFC57}.Debug|Any CPU.ActiveCfg = Debug|Any CPU
		{5D474BC9-2F04-4025-BCB3-FD24FEDAFC57}.Debug|Any CPU.Build.0 = Debug|Any CPU
		{5D474BC9-2F04-4025-BCB3-FD24FEDAFC57}.Release|Any CPU.ActiveCfg = Release|Any CPU
		{5D474BC9-2F04-4025-BCB3-FD24FEDAFC57}.Release|Any CPU.Build.0 = Release|Any CPU
		{359893E8-A84B-4D13-ACB2-398D6139EE63}.Debug|Any CPU.ActiveCfg = Debug|Any CPU
		{359893E8-A84B-4D13-ACB2-398D6139EE63}.Debug|Any CPU.Build.0 = Debug|Any CPU
		{359893E8-A84B-4D13-ACB2-398D6139EE63}.Release|Any CPU.ActiveCfg = Release|Any CPU
		{359893E8-A84B-4D13-ACB2-398D6139EE63}.Release|Any CPU.Build.0 = Release|Any CPU
		{A39B3D0D-3A44-43FD-80C8-CBCF51CF12F7}.Debug|Any CPU.ActiveCfg = Debug|Any CPU
		{A39B3D0D-3A44-43FD-80C8-CBCF51CF12F7}.Debug|Any CPU.Build.0 = Debug|Any CPU
		{A39B3D0D-3A44-43FD-80C8-CBCF51CF12F7}.Release|Any CPU.ActiveCfg = Release|Any CPU
		{A39B3D0D-3A44-43FD-80C8-CBCF51CF12F7}.Release|Any CPU.Build.0 = Release|Any CPU
		{00B83F0E-3806-40D2-9033-A2652FC5207C}.Debug|Any CPU.ActiveCfg = Debug|Any CPU
		{00B83F0E-3806-40D2-9033-A2652FC5207C}.Debug|Any CPU.Build.0 = Debug|Any CPU
		{00B83F0E-3806-40D2-9033-A2652FC5207C}.Release|Any CPU.ActiveCfg = Release|Any CPU
		{00B83F0E-3806-40D2-9033-A2652FC5207C}.Release|Any CPU.Build.0 = Release|Any CPU
		{A7C4EFEA-D751-45F3-95ED-8B8C2362DB40}.Debug|Any CPU.ActiveCfg = Debug|Any CPU
		{A7C4EFEA-D751-45F3-95ED-8B8C2362DB40}.Debug|Any CPU.Build.0 = Debug|Any CPU
		{A7C4EFEA-D751-45F3-95ED-8B8C2362DB40}.Release|Any CPU.ActiveCfg = Release|Any CPU
		{A7C4EFEA-D751-45F3-95ED-8B8C2362DB40}.Release|Any CPU.Build.0 = Release|Any CPU
	EndGlobalSection
	GlobalSection(SolutionProperties) = preSolution
		HideSolutionNode = FALSE
	EndGlobalSection
	GlobalSection(NestedProjects) = preSolution
		{E3E2CF71-43B8-4865-9C20-621072B50E9B} = {24FB265D-6522-4BAF-BCEA-64CDA93AB2CF}
		{F78B3070-2BDF-41B8-970C-5F028CEE4A00} = {736DCDE1-30CB-430B-8A51-97FC759D4F4F}
		{26E62EFC-2AB6-4D0D-9756-68A90FDF2BA1} = {736DCDE1-30CB-430B-8A51-97FC759D4F4F}
		{F151E073-87A7-4684-93CE-FE85904C6949} = {736DCDE1-30CB-430B-8A51-97FC759D4F4F}
		{61881FBF-EC10-472E-8221-967997F9176E} = {37E110A3-3DA2-4219-9DE9-85A06EC264CB}
		{267A04CB-DA8A-4406-B165-AB357FEF92DC} = {37E110A3-3DA2-4219-9DE9-85A06EC264CB}
		{2150F31E-102A-414C-9073-34DDAAE7DAB8} = {37E110A3-3DA2-4219-9DE9-85A06EC264CB}
		{1CA0384A-55D8-4E34-A878-C4C5232218A7} = {37E110A3-3DA2-4219-9DE9-85A06EC264CB}
		{B38C934C-D6D5-4B2C-93DB-28218502ACCF} = {82FC720E-D96A-4B3D-927B-AA421D9E4FFB}
		{5D474BC9-2F04-4025-BCB3-FD24FEDAFC57} = {82FC720E-D96A-4B3D-927B-AA421D9E4FFB}
		{359893E8-A84B-4D13-ACB2-398D6139EE63} = {82FC720E-D96A-4B3D-927B-AA421D9E4FFB}
		{A39B3D0D-3A44-43FD-80C8-CBCF51CF12F7} = {CA49B904-97BB-4459-B547-735F49870DC6}
		{00B83F0E-3806-40D2-9033-A2652FC5207C} = {337DC1B0-CC40-4247-A821-EEDF27EEB9D6}
		{A7C4EFEA-D751-45F3-95ED-8B8C2362DB40} = {0E2B638F-437A-4B0C-84D3-EC85BE7006D2}
	EndGlobalSection
	GlobalSection(ExtensibilityGlobals) = postSolution
		SolutionGuid = {3A4D4AAC-6DE5-4558-8524-F3B2B7FE3A35}
	EndGlobalSection
EndGlobal
